
Microsoft Visual Studio Solution File, Format Version 12.00
# Visual Studio Version 17
VisualStudioVersion = 17.9.34607.119
MinimumVisualStudioVersion = 10.0.40219.1
Project("{9A19103F-16F7-4668-BE54-9A1E7A4F7556}") = "CacheApp", "CacheApp.csproj", "{8CE1E7D1-474D-4224-93E9-BEE27E18C848}"
EndProject
Project("{FAE04EC0-301F-11D3-BF4B-00C04F79EFBC}") = "DataServices", "..\DataServices\DataServices.csproj", "{821CF1AD-C6C1-4030-9A97-3852E7F7223A}"
EndProject
Global
	GlobalSection(SolutionConfigurationPlatforms) = preSolution
		Debug|Any CPU = Debug|Any CPU
		Release|Any CPU = Release|Any CPU
	EndGlobalSection
	GlobalSection(ProjectConfigurationPlatforms) = postSolution
		{8CE1E7D1-474D-4224-93E9-BEE27E18C848}.Debug|Any CPU.ActiveCfg = Debug|Any CPU
		{8CE1E7D1-474D-4224-93E9-BEE27E18C848}.Debug|Any CPU.Build.0 = Debug|Any CPU
		{8CE1E7D1-474D-4224-93E9-BEE27E18C848}.Release|Any CPU.ActiveCfg = Release|Any CPU
		{8CE1E7D1-474D-4224-93E9-BEE27E18C848}.Release|Any CPU.Build.0 = Release|Any CPU
		{821CF1AD-C6C1-4030-9A97-3852E7F7223A}.Debug|Any CPU.ActiveCfg = Debug|Any CPU
		{821CF1AD-C6C1-4030-9A97-3852E7F7223A}.Debug|Any CPU.Build.0 = Debug|Any CPU
		{821CF1AD-C6C1-4030-9A97-3852E7F7223A}.Release|Any CPU.ActiveCfg = Release|Any CPU
		{821CF1AD-C6C1-4030-9A97-3852E7F7223A}.Release|Any CPU.Build.0 = Release|Any CPU
	EndGlobalSection
	GlobalSection(SolutionProperties) = preSolution
		HideSolutionNode = FALSE
	EndGlobalSection
	GlobalSection(ExtensibilityGlobals) = postSolution
		SolutionGuid = {2D25E4A6-82A8-4115-A0C6-469D0E933E11}
	EndGlobalSection
EndGlobal
